
Microsoft Visual Studio Solution File, Format Version 12.00
# Visual Studio Version 16
VisualStudioVersion = 16.0.30204.135
MinimumVisualStudioVersion = 10.0.40219.1
Project("{FAE04EC0-301F-11D3-BF4B-00C04F79EFBC}") = "CodingAssignment", "CodingAssignment\CodingAssignment.csproj", "{161AEA62-8EE1-4B33-8644-98D0ADF397ED}"
EndProject
Project("{FAE04EC0-301F-11D3-BF4B-00C04F79EFBC}") = "CodingAssignment.Tests", "CodingAssignment.Tests\CodingAssignment.Tests.csproj", "{15613B05-67BF-480F-8094-41E7C94FA5D5}"
EndProject
Global
	GlobalSection(SolutionConfigurationPlatforms) = preSolution
		Debug|Any CPU = Debug|Any CPU
		Release|Any CPU = Release|Any CPU
	EndGlobalSection
	GlobalSection(ProjectConfigurationPlatforms) = postSolution
		{161AEA62-8EE1-4B33-8644-98D0ADF397ED}.Debug|Any CPU.ActiveCfg = Debug|Any CPU
		{161AEA62-8EE1-4B33-8644-98D0ADF397ED}.Debug|Any CPU.Build.0 = Debug|Any CPU
		{161AEA62-8EE1-4B33-8644-98D0ADF397ED}.Release|Any CPU.ActiveCfg = Release|Any CPU
		{161AEA62-8EE1-4B33-8644-98D0ADF397ED}.Release|Any CPU.Build.0 = Release|Any CPU
		{15613B05-67BF-480F-8094-41E7C94FA5D5}.Debug|Any CPU.ActiveCfg = Debug|Any CPU
		{15613B05-67BF-480F-8094-41E7C94FA5D5}.Debug|Any CPU.Build.0 = Debug|Any CPU
		{15613B05-67BF-480F-8094-41E7C94FA5D5}.Release|Any CPU.ActiveCfg = Release|Any CPU
		{15613B05-67BF-480F-8094-41E7C94FA5D5}.Release|Any CPU.Build.0 = Release|Any CPU
	EndGlobalSection
	GlobalSection(SolutionProperties) = preSolution
		HideSolutionNode = FALSE
	EndGlobalSection
	GlobalSection(ExtensibilityGlobals) = postSolution
		SolutionGuid = {492357B4-A812-4F1D-A3DD-BC42E69954E6}
	EndGlobalSection
EndGlobal
